train-roberta-base-on-squad1:
  cmd: python main.py --debug --notify viktor.schlegel@manchester.ac.uk train data/datasets/squad1/train-v1.1.json
    --model-path roberta-base --model-type roberta --eval-file data/datasets/squad1/dev-v1.1.json
    --save-model-folder models/roberta-base-squad1 --do-eval-after-training --num-workers
    8 --fp16 --per-gpu-train-batch-size 8 --save-steps 0 --max-answer-length 30 --debug-features
  deps:
  - path: data/datasets/squad1/dev-v1.1.json
    md5: 3e85deb501d4e538b6bc56f786231552
  - path: data/datasets/squad1/train-v1.1.json
    md5: 981b29407e0affa3b1b156f72073b945
  outs:
  - path: models/roberta-base-squad1
    md5: 223be1b1d0dba22ed9985bc1e200295e.dir
train-albert-base-v2-on-squad1:
  cmd: python main.py --debug --notify viktor.schlegel@manchester.ac.uk train data/datasets/squad1/train-v1.1.json
    --model-path albert-base-v2 --model-type albert-base-v2 --eval-file data/datasets/squad1/dev-v1.1.json
    --save-model-folder models/albert-base-v2-squad1 --do-eval-after-training --num-workers
    8 --per-gpu-train-batch-size 24 --max-answer-length 30 --fp16 --save-steps 0 --debug-features
  deps:
  - path: data/datasets/squad1/dev-v1.1.json
    md5: 3e85deb501d4e538b6bc56f786231552
  - path: data/datasets/squad1/train-v1.1.json
    md5: 981b29407e0affa3b1b156f72073b945
  - path: scripts/train_transformers.py
    md5: b9df7e61041c54dfcf1fdc544fa86b9b
  outs:
  - path: models/albert-base-v2-squad1
    md5: ace9c8af69f8e73d97deac6a76c1d2a1.dir
train-albert-xxlarge-v2-on-squad1:
  cmd: python main.py --debug --notify viktor.schlegel@manchester.ac.uk train data/datasets/squad1/train-v1.1.json
    --model-path albert-xxlarge-v2 --model-type albert-xxlarge-v2 --eval-file data/datasets/squad1/dev-v1.1.json
    --save-model-folder models/albert-xxlarge-v2-squad1 --do-eval-after-training --num-workers
    8 --per-gpu-train-batch-size 2 --max-answer-length 30 --gradient-accumulation-steps
    128 --fp16 --save-steps 0 --debug-features
  deps:
  - path: data/datasets/squad1/dev-v1.1.json
    md5: 3e85deb501d4e538b6bc56f786231552
  - path: data/datasets/squad1/train-v1.1.json
    md5: 981b29407e0affa3b1b156f72073b945
  outs:
  - path: models/albert-xxlarge-v2-squad1
    md5: ab4909936dc0ca044d631f0bf6408068.dir
train-bert-large-uncased-on-squad1:
  cmd: python main.py --debug --notify viktor.schlegel@manchester.ac.uk train data/datasets/squad1/train-v1.1.json
    --model-path bert-large-uncased --model-type bert-large-uncased --eval-file data/datasets/squad1/dev-v1.1.json
    --save-model-folder models/bert-large-uncased-squad1 --do-eval-after-training
    --num-workers 8 --per-gpu-train-batch-size 2 --max-answer-length 30 --gradient-accumulation-steps
    128 --fp16 --save-steps 0 --debug-features
  deps:
  - path: data/datasets/squad1/dev-v1.1.json
    md5: 3e85deb501d4e538b6bc56f786231552
  - path: data/datasets/squad1/train-v1.1.json
    md5: 981b29407e0affa3b1b156f72073b945
  outs:
  - path: models/bert-large-uncased-squad1
    md5: 6ed53ddb2075786fffd3ea6530c8c506.dir
train-roberta-large-on-squad1:
  cmd: python main.py --debug --notify viktor.schlegel@manchester.ac.uk train data/datasets/squad1/train-v1.1.json
    --model-path roberta-large --model-type roberta-large --eval-file data/datasets/squad1/dev-v1.1.json
    --save-model-folder models/roberta-large-squad1 --do-eval-after-training --num-workers
    8 --per-gpu-train-batch-size 8 --max-answer-length 30 --gradient-accumulation-steps
    32 --fp16 --save-steps 1000 --debug-features --eval-all-checkpoints
  deps:
  - path: data/datasets/squad1/dev-v1.1.json
    md5: 3e85deb501d4e538b6bc56f786231552
  - path: data/datasets/squad1/train-v1.1.json
    md5: 981b29407e0affa3b1b156f72073b945
  outs:
  - path: models/roberta-large-squad1
    md5: ec9a2c9e6e83cfc2dfa906623949fe06.dir
train-albert-large-v2-on-squad1:
  cmd: python main.py --debug --notify viktor.schlegel@manchester.ac.uk train data/datasets/squad1/train-v1.1.json
    --model-path albert-large-v2 --model-type albert-large-v2 --eval-file data/datasets/squad1/dev-v1.1.json
    --save-model-folder models/albert-large-v2-squad1 --do-eval-after-training --num-workers
    8 --per-gpu-train-batch-size 8 --max-answer-length 30 --gradient-accumulation-steps
    32 --fp16 --debug-features --eval-all-checkpoints
  deps:
  - path: data/datasets/squad1/dev-v1.1.json
    md5: 3e85deb501d4e538b6bc56f786231552
  - path: data/datasets/squad1/train-v1.1.json
    md5: 981b29407e0affa3b1b156f72073b945
  outs:
  - path: models/albert-large-v2-squad1
    md5: d125f85b6cd80c44f1b1b8034c39740c.dir
train-albert-xlarge-v2-on-squad1:
  cmd: python main.py --debug --notify viktor.schlegel@manchester.ac.uk train data/datasets/squad1/train-v1.1.json
    --model-path albert-xlarge-v2 --model-type albert-xlarge-v2 --eval-file data/datasets/squad1/dev-v1.1.json
    --save-model-folder models/albert-xlarge-v2-squad1 --do-eval-after-training --num-workers
    8 --per-gpu-train-batch-size 4 --max-answer-length 30 --gradient-accumulation-steps
    64 --fp16 --debug-features --eval-all-checkpoints
  deps:
  - path: data/datasets/squad1/dev-v1.1.json
    md5: 3e85deb501d4e538b6bc56f786231552
  - path: data/datasets/squad1/train-v1.1.json
    md5: 981b29407e0affa3b1b156f72073b945
  outs:
  - path: models/albert-xlarge-v2-squad1
    md5: c4db834be68c60375f5d72336b905502.dir
train-bert-base-uncased-on-squad1:
  cmd: python main.py --debug --notify viktor.schlegel@manchester.ac.uk train data/datasets/squad1/train-v1.1.json
    --model-path bert-base-uncased --model-type bert-base-uncased --eval-file data/datasets/squad1/dev-v1.1.json
    --save-model-folder models/bert-base-uncased-squad1 --do-eval-after-training --num-workers
    8 --per-gpu-train-batch-size 32 --max-answer-length 30 --gradient-accumulation-steps
    8 --fp16 --debug-features --eval-all-checkpoints
  deps:
  - path: data/datasets/squad1/dev-v1.1.json
    md5: 3e85deb501d4e538b6bc56f786231552
  - path: data/datasets/squad1/train-v1.1.json
    md5: 981b29407e0affa3b1b156f72073b945
  outs:
  - path: models/bert-base-uncased-squad1
    md5: 0bc609c29bbd02bef8fce079fa320f6a.dir
train-t5-small-on-squad1:
  cmd: PYTHONPATH=. python scripts/t5.py --model_name_or_path t5-small --output_dir
    models/t5-small-squad1 --train_file data/datasets/squad1/train-v1.1.json --eval_file
    data/datasets/squad1/dev-v1.1.json --do_train --do_eval --num_workers 8 --per_device_train_batch_size
    8 --gradient_accumulation_steps 32 --fp16
  deps:
  - path: data/datasets/squad1/dev-v1.1.json
    md5: 3e85deb501d4e538b6bc56f786231552
  - path: data/datasets/squad1/train-v1.1.json
    md5: 981b29407e0affa3b1b156f72073b945
  outs:
  - path: models/t5-small-squad1
    md5: fa98a47de4001ccfac343c46fa102cf0.dir
train-t5-base-on-squad1:
  cmd: PYTHONPATH=. python scripts/t5.py --model_name_or_path t5-base --output_dir
    models/t5-base-squad1 --train_file data/datasets/squad1/train-v1.1.json --eval_file
    data/datasets/squad1/dev-v1.1.json --do_train --do_eval --num_workers 8 --per_device_train_batch_size
    8 --gradient_accumulation_steps 32 --fp16
  deps:
  - path: data/datasets/squad1/dev-v1.1.json
    md5: 3e85deb501d4e538b6bc56f786231552
  - path: data/datasets/squad1/train-v1.1.json
    md5: 981b29407e0affa3b1b156f72073b945
  outs:
  - path: models/t5-base-squad1
    md5: e63973c51d64d43a671729b68588a281.dir
generate-train:
  cmd: python main.py generate-balanced --config conf/finetune.json --seed 56 --num-workers
    8 --do-save --out-path data/football/split/train/ --multiplier 100 --split train
    --combine
  deps:
  - path: conf/finetune.json
    md5: 0ff738ae9e4a22177eb61662d82f8698
  - path: scripts/generate_balanced.py
    md5: c9ae2d226352dd1c934cff644698a2d7
  outs:
  - path: data/football/split/train/combined-train.json
    md5: 70d3af4b992c9ecf2bd01bd3403b15c0
generate-train-mask-q:
  cmd: python main.py generate-balanced --config conf/finetune.json --seed 56 --num-workers
    8 --do-save --out-path data/football/split-mask-q/train/ --multiplier 100 --split
    train --combine --mask-q
  deps:
  - path: conf/finetune.json
    md5: 0ff738ae9e4a22177eb61662d82f8698
  - path: scripts/generate_balanced.py
    md5: c9ae2d226352dd1c934cff644698a2d7
  outs:
  - path: data/football/split-mask-q/train/combined-train.json
    md5: 29fd16f574d0363a8f457f9e873a1c27
generate-train-mask-p:
  cmd: python main.py generate-balanced --config conf/finetune.json --seed 56 --num-workers
    8 --do-save --out-path data/football/split-mask-p/train/ --multiplier 100 --split
    train --combine --mask-p --keep-answer-candidates
  deps:
  - path: conf/finetune.json
    md5: 0ff738ae9e4a22177eb61662d82f8698
  - path: scripts/generate_balanced.py
    md5: c9ae2d226352dd1c934cff644698a2d7
  outs:
  - path: data/football/split-mask-p/train/combined-train.json
    md5: f1dd5ed6cc05287d05b77e04fe99d805
generate-test-mask-q:
  cmd: python main.py generate-balanced --config conf/finetune.json --seed 38676 --num-workers
    8 --do-save --out-path data/football/split-mask-q/test/ --multiplier 20 --split
    test --mask-q
  deps:
  - path: conf/finetune.json
    md5: 0ff738ae9e4a22177eb61662d82f8698
  - path: scripts/generate_balanced.py
    md5: c9ae2d226352dd1c934cff644698a2d7
  outs:
  - path: data/football/split-mask-q/test/baseline-test.json
    md5: 63d660205ba99e2c9330e7d1e63e15b1
  - path: data/football/split-mask-q/test/control-test.json
    md5: 875aed3a9069ff649c418d95e4d7b57d
  - path: data/football/split-mask-q/test/intervention-test.json
    md5: 2fe124d70a610917c2f6ad6c26b6f9ff
generate-test-mask-p:
  cmd: python main.py generate-balanced --config conf/finetune.json --seed 38676 --num-workers
    8 --do-save --out-path data/football/split-mask-p/test/ --multiplier 20 --split
    test --mask-p --keep-answer-candidates
  deps:
  - path: conf/finetune.json
    md5: 0ff738ae9e4a22177eb61662d82f8698
  - path: scripts/generate_balanced.py
    md5: c9ae2d226352dd1c934cff644698a2d7
  outs:
  - path: data/football/split-mask-p/test/baseline-test.json
    md5: ed9e5c7fc588a0f4726e82c12edcf95f
  - path: data/football/split-mask-p/test/control-test.json
    md5: 24b3f1207449f5ad6a5403ad69bd5f6e
  - path: data/football/split-mask-p/test/intervention-test.json
    md5: 0546a3f31510080ed9795210a5799ff7
train-bert-baseline:
  cmd: python main.py --debug --notify viktor.schlegel@manchester.ac.uk train data/football/split/train/combined-train.json
    --model-path bert-base-uncased --model-type bert --save-model-folder models/bert-baseline
    --num-workers 8 --per-gpu-train-batch-size 24 --max-answer-length 10 --debug-features
    --num-train-epochs 15 --overwrite-output-dir --save-steps 0 --per-gpu-eval-batch-size
    64 --gradient-accumulation-steps 3 --learning-rate 5e-5
  deps:
  - path: data/football/split/train/combined-train.json
    md5: 70d3af4b992c9ecf2bd01bd3403b15c0
  outs:
  - path: models/bert-baseline
    md5: 3c0dfec47e611a376084aa9f7541f5ad.dir
train-bert-mask-q-baseline:
  cmd: python main.py --debug --notify viktor.schlegel@manchester.ac.uk train data/football/split-mask-q/train/combined-train.json
    --model-path bert-base-uncased --model-type bert --save-model-folder models/bert-mask-q-baseline
    --num-workers 8 --per-gpu-train-batch-size 24 --max-answer-length 10 --debug-features
    --num-train-epochs 15 --overwrite-output-dir --save-steps 0 --per-gpu-eval-batch-size
    64 --gradient-accumulation-steps 3 --learning-rate 5e-5
  deps:
  - path: data/football/split-mask-q/train/combined-train.json
    md5: 29fd16f574d0363a8f457f9e873a1c27
  outs:
  - path: models/bert-mask-q-baseline
    md5: ab6a3d3cbca3bc6e0c56da8b6e0d35e1.dir
train-bert-mask-p-baseline:
  cmd: python main.py --debug --notify viktor.schlegel@manchester.ac.uk train data/football/split-mask-p/train/combined-train.json
    --model-path bert-base-uncased --model-type bert --save-model-folder models/bert-mask-p-baseline
    --num-workers 8 --per-gpu-train-batch-size 24 --max-answer-length 10 --debug-features
    --num-train-epochs 15 --overwrite-output-dir --save-steps 0 --per-gpu-eval-batch-size
    64 --gradient-accumulation-steps 3 --learning-rate 5e-5
  deps:
  - path: data/football/split-mask-p/train/combined-train.json
    md5: f1dd5ed6cc05287d05b77e04fe99d805
  outs:
  - path: models/bert-mask-p-baseline
    md5: 416506bd1b6cd5414dfd6a494469e9c6.dir
predict-random-baselines:
  cmd: python main.py predict data/football/split/test/baseline-test.json data/football/split/test/control-test.json
    data/football/split/test/intervention-test.json --output-folder data/football/split/test/predictions/
    --model random-baseline --cls RandomBaseline --model educated-baseline --cls EducatedBaseline
    --model informed-baseline --cls InformedBaseline
  deps:
  - path: data/football/split/test/baseline-test.json
    md5: dd4270113e8c4df1d87952704174b327
  - path: data/football/split/test/control-test.json
    md5: 21b540d35dc9a921efad2a96ef7fff72
  - path: data/football/split/test/intervention-test.json
    md5: 397e7a8e463ddf1d144193a8689c2875
  outs:
  - path: data/football/split/test/predictions/baseline-test-educated-baseline.json
    md5: 12c8c9005320ad4e849b468292a95b4c
  - path: data/football/split/test/predictions/baseline-test-informed-baseline.json
    md5: eb4ebd14e97115a8c71781862235f0a8
  - path: data/football/split/test/predictions/baseline-test-random-baseline.json
    md5: 6eef993984684bc2ecd5d68221918877
  - path: data/football/split/test/predictions/control-test-educated-baseline.json
    md5: 8603a8dba61c00493336e51569d235fd
  - path: data/football/split/test/predictions/control-test-informed-baseline.json
    md5: 0db12b23a7fadd8fcba4d003614abc0a
  - path: data/football/split/test/predictions/control-test-random-baseline.json
    md5: 2c629242cf401eb6231909ed99d9b7d9
  - path: data/football/split/test/predictions/intervention-test-educated-baseline.json
    md5: b7bd21be9eca161c6652d2661ce23057
  - path: data/football/split/test/predictions/intervention-test-informed-baseline.json
    md5: d3deb12ffdcaca070073b8fa7f0bf319
  - path: data/football/split/test/predictions/intervention-test-random-baseline.json
    md5: 312e2f4f92307d65cab7563cc10c3b4e
predict-bert-baseline:
  cmd: python main.py --debug --notify viktor.schlegel@manchester.ac.uk predictions
    data/football/split/test/baseline-test.json data/football/split/test/intervention-test.json
    data/football/split/test/control-test.json --model-path models/bert-baseline --model-type
    bert --out-folder data/football/split/test/predictions/ --max-answer-length 10
    --per-gpu-eval-batch-size 64
  deps:
  - path: data/football/split/test/baseline-test.json
    md5: dd4270113e8c4df1d87952704174b327
  - path: data/football/split/test/control-test.json
    md5: 21b540d35dc9a921efad2a96ef7fff72
  - path: data/football/split/test/intervention-test.json
    md5: 397e7a8e463ddf1d144193a8689c2875
  - path: models/bert-baseline
    md5: 3c0dfec47e611a376084aa9f7541f5ad.dir
  outs:
  - path: data/football/split/test/predictions/baseline-test-bert-baseline.json
    md5: a6fde403333da209b7a8342b1188afe0
  - path: data/football/split/test/predictions/control-test-bert-baseline.json
    md5: 8e3c0a8475665bbfa92466e1a7dfcc4d
  - path: data/football/split/test/predictions/intervention-test-bert-baseline.json
    md5: 1583304f8e292495282d9ab2cb3edd27
predict-bert-mask-q-baseline:
  cmd: python main.py --debug --notify viktor.schlegel@manchester.ac.uk predictions
    data/football/split-mask-q/test/baseline-test.json data/football/split-mask-q/test/intervention-test.json
    data/football/split-mask-q/test/control-test.json --model-path models/bert-mask-q-baseline
    --model-type bert --out-folder data/football/split-mask-q/test/predictions/ --max-answer-length
    10 --per-gpu-eval-batch-size 64
  deps:
  - path: data/football/split-mask-q/test/baseline-test.json
    md5: 63d660205ba99e2c9330e7d1e63e15b1
  - path: data/football/split-mask-q/test/control-test.json
    md5: 875aed3a9069ff649c418d95e4d7b57d
  - path: data/football/split-mask-q/test/intervention-test.json
    md5: 2fe124d70a610917c2f6ad6c26b6f9ff
  - path: models/bert-mask-q-baseline
    md5: ab6a3d3cbca3bc6e0c56da8b6e0d35e1.dir
  outs:
  - path: data/football/split-mask-q/test/predictions/baseline-test-bert-mask-q-baseline.json
    md5: 8a33f7f81d61410632a2545f2e881122
  - path: data/football/split-mask-q/test/predictions/control-test-bert-mask-q-baseline.json
    md5: a4aaf4058cefc9ccf3d5ca637f3537e0
  - path: data/football/split-mask-q/test/predictions/intervention-test-bert-mask-q-baseline.json
    md5: bcd09ddaacc23e212c5d798a813305b9
predict-bert-mask-p-baseline:
  cmd: python main.py --debug --notify viktor.schlegel@manchester.ac.uk predictions
    data/football/split-mask-p/test/baseline-test.json data/football/split-mask-p/test/intervention-test.json
    data/football/split-mask-p/test/control-test.json --model-path models/bert-mask-p-baseline
    --model-type bert --out-folder data/football/split-mask-p/test/predictions/ --max-answer-length
    10 --per-gpu-eval-batch-size 64
  deps:
  - path: data/football/split-mask-p/test/baseline-test.json
    md5: ed9e5c7fc588a0f4726e82c12edcf95f
  - path: data/football/split-mask-p/test/control-test.json
    md5: 24b3f1207449f5ad6a5403ad69bd5f6e
  - path: data/football/split-mask-p/test/intervention-test.json
    md5: 0546a3f31510080ed9795210a5799ff7
  - path: models/bert-mask-p-baseline
    md5: 416506bd1b6cd5414dfd6a494469e9c6.dir
  outs:
  - path: data/football/split-mask-p/test/predictions/baseline-test-bert-mask-p-baseline.json
    md5: 38d30b07469e2b4341fc42bc74679d9b
  - path: data/football/split-mask-p/test/predictions/control-test-bert-mask-p-baseline.json
    md5: 0df0efc58caf5525d47b9592c2f6c341
  - path: data/football/split-mask-p/test/predictions/intervention-test-bert-mask-p-baseline.json
    md5: c0ed0f855aebf5cf097a8c1f79c0a354
generate-test:
  cmd: python main.py generate-balanced --config conf/finetune.json --seed 38676 --num-workers
    8 --do-save --out-path data/football/split/test/ --multiplier 20 --split test
  deps:
  - path: conf/finetune.json
    md5: 0ff738ae9e4a22177eb61662d82f8698
  - path: scripts/generate_balanced.py
    md5: c9ae2d226352dd1c934cff644698a2d7
  outs:
  - path: data/football/split/test/baseline-test.json
    md5: dd4270113e8c4df1d87952704174b327
  - path: data/football/split/test/control-test.json
    md5: 21b540d35dc9a921efad2a96ef7fff72
  - path: data/football/split/test/intervention-test.json
    md5: 397e7a8e463ddf1d144193a8689c2875
evaluate-baselines:
  cmd: python main.py evaluate data/football/split/test/baseline-test.json data/football/split/test/intervention-test.json
    data/football/split/test/control-test.json --prediction-folder data/football/split/test/predictions/
    --output metrics/football/baselines/baselines.json --metric EMRelaxed
  deps:
  - path: data/football/split/test/baseline-test.json
    md5: dd4270113e8c4df1d87952704174b327
  - path: data/football/split/test/control-test.json
    md5: 21b540d35dc9a921efad2a96ef7fff72
  - path: data/football/split/test/intervention-test.json
    md5: 397e7a8e463ddf1d144193a8689c2875
  - path: data/football/split/test/predictions/
    md5: 072d2611626c3e01213ff6ba3d039788.dir
  outs:
  - path: metrics/football/baselines/baselines.json
    md5: b0c8bd67ea5f0f779bb1865dacc65d59
evaluate-baselines-mask-q:
  cmd: python main.py evaluate data/football/split-mask-q/test/baseline-test.json
    data/football/split-mask-q/test/intervention-test.json data/football/split-mask-q/test/control-test.json
    --prediction-folder data/football/split-mask-q/test/predictions/ --output metrics/football/baselines/baselines-mask-q.json
    --metric EMRelaxed
  deps:
  - path: data/football/split-mask-q/test/baseline-test.json
    md5: 63d660205ba99e2c9330e7d1e63e15b1
  - path: data/football/split-mask-q/test/control-test.json
    md5: 875aed3a9069ff649c418d95e4d7b57d
  - path: data/football/split-mask-q/test/intervention-test.json
    md5: 2fe124d70a610917c2f6ad6c26b6f9ff
  - path: data/football/split-mask-q/test/predictions/
    md5: 4ae9030dbe18f6cdd06a867436ae9782.dir
  outs:
  - path: metrics/football/baselines/baselines-mask-q.json
    md5: 15c9726d2e5851da82c6fa27817da8b1
evaluate-baselines-mask-p:
  cmd: python main.py evaluate data/football/split-mask-p/test/baseline-test.json
    data/football/split-mask-p/test/intervention-test.json data/football/split-mask-p/test/control-test.json
    --prediction-folder data/football/split-mask-p/test/predictions/ --output metrics/football/baselines/baselines-mask-p.json
    --metric EMRelaxed
  deps:
  - path: data/football/split-mask-p/test/baseline-test.json
    md5: ed9e5c7fc588a0f4726e82c12edcf95f
  - path: data/football/split-mask-p/test/control-test.json
    md5: 24b3f1207449f5ad6a5403ad69bd5f6e
  - path: data/football/split-mask-p/test/intervention-test.json
    md5: 0546a3f31510080ed9795210a5799ff7
  - path: data/football/split-mask-p/test/predictions/
    md5: a4c9eba45c0552fa7186ccb253c5a6d8.dir
  outs:
  - path: metrics/football/baselines/baselines-mask-p.json
    md5: 5f9c76465f7d8408229420b2b8b5b55b
generate-sam:
  cmd: python main.py generate-balanced --config conf/evaluate.json --seed 56 --num-workers
    8 --do-save --out-path data/football/full --multiplier 35
  deps:
  - path: conf/evaluate.json
    md5: 114d721cda0d768406fbcaff0446b3e7
  - path: scripts/generate_balanced.py
    md5: c9ae2d226352dd1c934cff644698a2d7
  outs:
  - path: data/football/full/baseline.json
    md5: a1b261d06fa1c86976e73b1695319434
  - path: data/football/full/control.json
    md5: 528a2f3ed6dc0330b82d33fc99f78a90
  - path: data/football/full/intervention.json
    md5: 5897df44e42021090e3b9b89b44c6e90
predict-transformers-squad1:
  cmd: python main.py --debug --notify viktor.schlegel@manchester.ac.uk predictions
    data/football/full/baseline.json data/football/full/intervention.json data/football/full/control.json
    --model-path models/albert-base-v2-squad1 --model-type albert --model-path models/albert-large-v2-squad1
    --model-type albert --model-path models/albert-xlarge-v2-squad1 --model-type albert
    --model-path models/albert-xxlarge-v2-squad1 --model-type albert --model-path
    models/bert-base-uncased-squad1 --model-type bert --model-path models/bert-large-uncased-squad1
    --model-type bert --model-path models/roberta-base-squad1 --model-type roberta
    --model-path models/roberta-large-squad1 --model-type roberta --out-folder data/football/full/predictions/squad1
    --max-answer-length 10 --per-gpu-eval-batch-size 32
  deps:
  - path: data/football/full/baseline.json
    md5: a1b261d06fa1c86976e73b1695319434
  - path: data/football/full/control.json
    md5: 528a2f3ed6dc0330b82d33fc99f78a90
  - path: data/football/full/intervention.json
    md5: 5897df44e42021090e3b9b89b44c6e90
  - path: models/albert-base-v2-squad1
    md5: ace9c8af69f8e73d97deac6a76c1d2a1.dir
  - path: models/albert-large-v2-squad1
    md5: d125f85b6cd80c44f1b1b8034c39740c.dir
  - path: models/albert-xlarge-v2-squad1
    md5: c4db834be68c60375f5d72336b905502.dir
  - path: models/albert-xxlarge-v2-squad1
    md5: ab4909936dc0ca044d631f0bf6408068.dir
  - path: models/bert-base-uncased-squad1
    md5: 0bc609c29bbd02bef8fce079fa320f6a.dir
  - path: models/bert-large-uncased-squad1
    md5: 6ed53ddb2075786fffd3ea6530c8c506.dir
  - path: models/roberta-base-squad1
    md5: 223be1b1d0dba22ed9985bc1e200295e.dir
  - path: models/roberta-large-squad1
    md5: ec9a2c9e6e83cfc2dfa906623949fe06.dir
  outs:
  - path: data/football/full/predictions/squad1/baseline-albert-base-v2-squad1.json
    md5: e158ad4fb549375131335fcaa2d0eb18
  - path: data/football/full/predictions/squad1/baseline-albert-large-v2-squad1.json
    md5: 19d710a53c99b68c8891277426a4bac3
  - path: data/football/full/predictions/squad1/baseline-albert-xlarge-v2-squad1.json
    md5: 366e29bcc35a4ff84b51bf584b4be34b
  - path: data/football/full/predictions/squad1/baseline-albert-xxlarge-v2-squad1.json
    md5: c6b740379a9db8caf48da224eab47920
  - path: data/football/full/predictions/squad1/baseline-bert-base-uncased-squad1.json
    md5: 54e767a12d0a1c50c6486608a3cca5fe
  - path: data/football/full/predictions/squad1/baseline-bert-large-uncased-squad1.json
    md5: 6bf7f3c15ab8ae40bf4583c8ed4ecf28
  - path: data/football/full/predictions/squad1/baseline-roberta-base-squad1.json
    md5: b9803c701277a7dfecdd17bad48f574e
  - path: data/football/full/predictions/squad1/baseline-roberta-large-squad1.json
    md5: e883e398dbebd40462bf41fa67db5935
  - path: data/football/full/predictions/squad1/control-albert-base-v2-squad1.json
    md5: af0a7c43532de7fb920d4a1b87a8c39b
  - path: data/football/full/predictions/squad1/control-albert-large-v2-squad1.json
    md5: 28e310115caeaac9804aaa7fd4f104f6
  - path: data/football/full/predictions/squad1/control-albert-xlarge-v2-squad1.json
    md5: 477c6da293a9d519e13d912a83dff32b
  - path: data/football/full/predictions/squad1/control-albert-xxlarge-v2-squad1.json
    md5: c5c2a265663c2c87ece267d57e184616
  - path: data/football/full/predictions/squad1/control-bert-base-uncased-squad1.json
    md5: 0cca8244457bf6573d97b22ca77b885b
  - path: data/football/full/predictions/squad1/control-bert-large-uncased-squad1.json
    md5: 20a4fe315988f2a609dc802c5edabef3
  - path: data/football/full/predictions/squad1/control-roberta-base-squad1.json
    md5: a0a40d84976ce6c6ad8bf99d3d4a5ac4
  - path: data/football/full/predictions/squad1/control-roberta-large-squad1.json
    md5: 1f93d9d6b8242d3cea5fe7f91f34d9b8
  - path: data/football/full/predictions/squad1/intervention-albert-base-v2-squad1.json
    md5: 343f4622912bd3d798392dca0a56feed
  - path: data/football/full/predictions/squad1/intervention-albert-large-v2-squad1.json
    md5: a1819890f9f9755212b81ecd29abce38
  - path: data/football/full/predictions/squad1/intervention-albert-xlarge-v2-squad1.json
    md5: aba453b34fbc334a729dd68b78bc1979
  - path: data/football/full/predictions/squad1/intervention-albert-xxlarge-v2-squad1.json
    md5: 9eb3dff6e5259e6ae48b1d0f4cabac13
  - path: data/football/full/predictions/squad1/intervention-bert-base-uncased-squad1.json
    md5: 68374c3364c34bc5b0ad4800b755f32b
  - path: data/football/full/predictions/squad1/intervention-bert-large-uncased-squad1.json
    md5: 43bb40626d7ca76ecadd1ce9cfb8804d
  - path: data/football/full/predictions/squad1/intervention-roberta-base-squad1.json
    md5: da5155f0bae478c4c9ea8b4edb9be69a
  - path: data/football/full/predictions/squad1/intervention-roberta-large-squad1.json
    md5: 99990190e03f5516f336850256f4ee17
evaluate-intervention-squad1:
  cmd: python main.py evaluate-intervention --baseline-file data/football/full/baseline.json
    --predictions-folder data/football/full/predictions/squad1 --control --output
    metrics/football/squad1/eoi.json --split-reasoning --split-num-modifier --split-sam
    --do-save
  deps:
  - path: data/football/full/baseline.json
    md5: a1b261d06fa1c86976e73b1695319434
  - path: data/football/full/control.json
    md5: 528a2f3ed6dc0330b82d33fc99f78a90
  - path: data/football/full/intervention.json
    md5: 5897df44e42021090e3b9b89b44c6e90
  - path: data/football/full/predictions/squad1
    md5: 4ea763a9e53e62a4c34a6ed84b2c5c46.dir
  - path: scripts/evaluate_intervention.py
    md5: c01752a097e1435ea7e7f2a662fa61a0
  outs:
  - path: metrics/football/squad1/eoi.json
    md5: 14ded837dc81a744f003f5bf9728dd71
train-bert-base-uncased-on-hotpotqa:
  cmd: python main.py --debug --notify viktor.schlegel@manchester.ac.uk train data/datasets/hotpotqa/train.json
    --model-path bert-base-uncased --model-type bert --eval-file data/datasets/hotpotqa/dev.json
    --save-model-folder models/bert-base-uncased-hotpotqa --do-eval-after-training
    --num-workers 32 --per-gpu-train-batch-size 32 --max-answer-length 30 --gradient-accumulation-steps
    8 --fp16 --debug-features --save-steps 0
  deps:
  - path: data/datasets/hotpotqa/dev.json
    md5: ca01383e3746f3782d3212d046aa2225
  - path: data/datasets/hotpotqa/train.json
    md5: f085e98b5251f96490622c11af481c75
  outs:
  - path: models/bert-base-uncased-hotpotqa
    md5: e200ee62d23a26dfd5200fe4045d44fc.dir
train-bert-large-uncased-on-hotpotqa:
  cmd: python main.py --debug --notify viktor.schlegel@manchester.ac.uk train data/datasets/hotpotqa/train.json
    --model-path bert-large-uncased --model-type bert --eval-file data/datasets/hotpotqa/dev.json
    --save-model-folder models/bert-large-uncased-hotpotqa --do-eval-after-training
    --num-workers 32 --per-gpu-train-batch-size 4 --max-answer-length 30 --gradient-accumulation-steps
    64 --fp16 --debug-features --save-steps 0 --num-train-epochs 2
  deps:
  - path: data/datasets/hotpotqa/dev.json
    md5: ca01383e3746f3782d3212d046aa2225
  - path: data/datasets/hotpotqa/train.json
    md5: f085e98b5251f96490622c11af481c75
  outs:
  - path: models/bert-large-uncased-hotpotqa
    md5: 60a68459537a8b5e2d8e2b3c1dd623d6.dir
train-roberta-base-on-hotpotqa:
  cmd: MODEL=roberta-base CACHE_LOCATION=/mnt/iusers01/gb01/z07959vs/localscratch/hotpotqa/
    SAVE_TO=models/roberta-base-hotpotqa BATCH_SIZE=32 ACC_STEPS=8 MODEL_TYPE=roberta
    bash scripts/cache_and_train_hotpotqa.sh
  deps:
  - path: data/datasets/hotpotqa/dev.json
    md5: ca01383e3746f3782d3212d046aa2225
  - path: data/datasets/hotpotqa/train.json
    md5: f085e98b5251f96490622c11af481c75
  outs:
  - path: models/roberta-base-hotpotqa
    md5: 101b79aac16eaa652452f3550b08d70d.dir
train-roberta-large-on-hotpotqa:
  cmd: MODEL=roberta-large CACHE_LOCATION=/mnt/iusers01/gb01/z07959vs/localscratch/hotpotqa/
    SAVE_TO=models/roberta-large-hotpotqa BATCH_SIZE=6 ACC_STEPS=43 MODEL_TYPE=roberta
    bash scripts/cache_and_train_hotpotqa.sh
  deps:
  - path: data/datasets/hotpotqa/dev.json
    md5: ca01383e3746f3782d3212d046aa2225
  - path: data/datasets/hotpotqa/train.json
    md5: f085e98b5251f96490622c11af481c75
  outs:
  - path: models/roberta-large-hotpotqa
    md5: 68dbefcbb69ac7e74159c2ea41fa813e.dir
train-albert-base-v2-on-hotpotqa:
  cmd: MODEL=albert-base-v2 CACHE_LOCATION=/mnt/iusers01/gb01/z07959vs/localscratch/hotpotqa/
    SAVE_TO=models/albert-base-v2-hotpotqa BATCH_SIZE=24 ACC_STEPS=11 MODEL_TYPE=albert
    bash scripts/cache_and_train_hotpotqa.sh
  deps:
  - path: data/datasets/hotpotqa/dev.json
    md5: ca01383e3746f3782d3212d046aa2225
  - path: data/datasets/hotpotqa/train.json
    md5: f085e98b5251f96490622c11af481c75
  outs:
  - path: models/albert-base-v2-hotpotqa
    md5: 2ae1ea2cdaf75439b389eb27f22018c3.dir
train-albert-large-v2-on-hotpotqa:
  cmd: MODEL=albert-large-v2 CACHE_LOCATION=/mnt/iusers01/gb01/z07959vs/localscratch/hotpotqa/
    SAVE_TO=models/albert-large-v2-hotpotqa BATCH_SIZE=8 ACC_STEPS=32 MODEL_TYPE=albert
    bash scripts/cache_and_train_hotpotqa.sh
  deps:
  - path: data/datasets/hotpotqa/dev.json
    md5: ca01383e3746f3782d3212d046aa2225
  - path: data/datasets/hotpotqa/train.json
    md5: f085e98b5251f96490622c11af481c75
  outs:
  - path: models/albert-large-v2-hotpotqa
    md5: 4392311d0a463c69363bd9fc4a827d42.dir
train-albert-xlarge-v2-on-hotpotqa:
  cmd: MODEL=albert-xlarge-v2 CACHE_LOCATION=/mnt/iusers01/gb01/z07959vs/localscratch/hotpotqa/
    SAVE_TO=models/albert-xlarge-v2-hotpotqa BATCH_SIZE=4 ACC_STEPS=64 MODEL_TYPE=albert
    bash scripts/cache_and_train_hotpotqa.sh
  deps:
  - path: data/datasets/hotpotqa/dev.json
    md5: ca01383e3746f3782d3212d046aa2225
  - path: data/datasets/hotpotqa/train.json
    md5: f085e98b5251f96490622c11af481c75
  outs:
  - path: models/albert-xlarge-v2-hotpotqa
    md5: b7288bd0db98c1e5b48205bdb40f0765.dir
train-albert-xxlarge-v2-on-hotpotqa:
  cmd: MODEL=albert-xxlarge-v2 CACHE_LOCATION=/mnt/iusers01/gb01/z07959vs/localscratch/hotpotqa/
    SAVE_TO=models/albert-xxlarge-v2-hotpotqa BATCH_SIZE=2 ACC_STEPS=128 MODEL_TYPE=albert
    bash scripts/cache_and_train_hotpotqa.sh
  deps:
  - path: data/datasets/hotpotqa/dev.json
    md5: ca01383e3746f3782d3212d046aa2225
  - path: data/datasets/hotpotqa/train.json
    md5: f085e98b5251f96490622c11af481c75
  outs:
  - path: models/albert-xxlarge-v2-hotpotqa
    md5: ce2cdfd7fb87ef93ea9d737adf3b3668.dir
